// !$*UTF8*$!
{
	archiveVersion = 1;
	classes = {
	};
	objectVersion = 51;
	objects = {

/* Begin PBXBuildFile section */
		B77B673A262A143C002E2F17 /* WelcomeViewController.swift in Sources */ = {isa = PBXBuildFile; fileRef = B77B6739262A143C002E2F17 /* WelcomeViewController.swift */; };
		B77B6749262A2065002E2F17 /* Template.storyboard in Resources */ = {isa = PBXBuildFile; fileRef = B77B6748262A2065002E2F17 /* Template.storyboard */; };
		B77B674E262A22C7002E2F17 /* TabViewController.swift in Sources */ = {isa = PBXBuildFile; fileRef = B77B674D262A22C7002E2F17 /* TabViewController.swift */; };
		B77B6752262A2376002E2F17 /* TransportMapView.swift in Sources */ = {isa = PBXBuildFile; fileRef = B77B6751262A2376002E2F17 /* TransportMapView.swift */; };
		B77B6757262A239A002E2F17 /* TourViewController.swift in Sources */ = {isa = PBXBuildFile; fileRef = B77B6756262A239A002E2F17 /* TourViewController.swift */; };
		B77B675B262A23AF002E2F17 /* SettingsController.swift in Sources */ = {isa = PBXBuildFile; fileRef = B77B675A262A23AF002E2F17 /* SettingsController.swift */; };
		B77B6765262A4A1F002E2F17 /* LayerViewController.swift in Sources */ = {isa = PBXBuildFile; fileRef = B77B6764262A4A1F002E2F17 /* LayerViewController.swift */; };
		B77B6769262A5AF8002E2F17 /* HeleprTouchGesture.swift in Sources */ = {isa = PBXBuildFile; fileRef = B77B6768262A5AF8002E2F17 /* HeleprTouchGesture.swift */; };
		B77B676C262A63CE002E2F17 /* Helper+DrawRoute.swift in Sources */ = {isa = PBXBuildFile; fileRef = B77B676B262A63CE002E2F17 /* Helper+DrawRoute.swift */; };
		B77B6770262A7215002E2F17 /* Geocoder+Helper.swift in Sources */ = {isa = PBXBuildFile; fileRef = B77B676F262A7215002E2F17 /* Geocoder+Helper.swift */; };
		B77B6776262A7E9A002E2F17 /* RoutedComputed.swift in Sources */ = {isa = PBXBuildFile; fileRef = B77B6775262A7E9A002E2F17 /* RoutedComputed.swift */; };
		B7B9E81E26297A2F001757C8 /* AppDelegate.swift in Sources */ = {isa = PBXBuildFile; fileRef = B7B9E81D26297A2F001757C8 /* AppDelegate.swift */; };
		B7B9E82026297A2F001757C8 /* SceneDelegate.swift in Sources */ = {isa = PBXBuildFile; fileRef = B7B9E81F26297A2F001757C8 /* SceneDelegate.swift */; };
		B7B9E82726297A31001757C8 /* Assets.xcassets in Resources */ = {isa = PBXBuildFile; fileRef = B7B9E82626297A31001757C8 /* Assets.xcassets */; };
		D4499B9350DDF81516750F82 /* Pods_transport_reality_app.framework in Frameworks */ = {isa = PBXBuildFile; fileRef = AEF7077C0393AC01B8E04C2B /* Pods_transport_reality_app.framework */; };
/* End PBXBuildFile section */

/* Begin PBXFileReference section */
		AEF7077C0393AC01B8E04C2B /* Pods_transport_reality_app.framework */ = {isa = PBXFileReference; explicitFileType = wrapper.framework; includeInIndex = 0; path = Pods_transport_reality_app.framework; sourceTree = BUILT_PRODUCTS_DIR; };
		B75D9115262CD71E002E7F8A /* bus.m4a */ = {isa = PBXFileReference; lastKnownFileType = file; path = bus.m4a; sourceTree = "<group>"; };
		B77B6739262A143C002E2F17 /* WelcomeViewController.swift */ = {isa = PBXFileReference; lastKnownFileType = sourcecode.swift; path = WelcomeViewController.swift; sourceTree = "<group>"; };
		B77B6748262A2065002E2F17 /* Template.storyboard */ = {isa = PBXFileReference; lastKnownFileType = file.storyboard; path = Template.storyboard; sourceTree = "<group>"; };
		B77B674D262A22C7002E2F17 /* TabViewController.swift */ = {isa = PBXFileReference; lastKnownFileType = sourcecode.swift; path = TabViewController.swift; sourceTree = "<group>"; };
		B77B6751262A2376002E2F17 /* TransportMapView.swift */ = {isa = PBXFileReference; lastKnownFileType = sourcecode.swift; path = TransportMapView.swift; sourceTree = "<group>"; };
		B77B6756262A239A002E2F17 /* TourViewController.swift */ = {isa = PBXFileReference; lastKnownFileType = sourcecode.swift; path = TourViewController.swift; sourceTree = "<group>"; };
		B77B675A262A23AF002E2F17 /* SettingsController.swift */ = {isa = PBXFileReference; lastKnownFileType = sourcecode.swift; path = SettingsController.swift; sourceTree = "<group>"; };
		B77B6764262A4A1F002E2F17 /* LayerViewController.swift */ = {isa = PBXFileReference; lastKnownFileType = sourcecode.swift; path = LayerViewController.swift; sourceTree = "<group>"; };
		B77B6768262A5AF8002E2F17 /* HeleprTouchGesture.swift */ = {isa = PBXFileReference; lastKnownFileType = sourcecode.swift; path = HeleprTouchGesture.swift; sourceTree = "<group>"; };
		B77B676B262A63CE002E2F17 /* Helper+DrawRoute.swift */ = {isa = PBXFileReference; lastKnownFileType = sourcecode.swift; path = "Helper+DrawRoute.swift"; sourceTree = "<group>"; };
		B77B676F262A7215002E2F17 /* Geocoder+Helper.swift */ = {isa = PBXFileReference; lastKnownFileType = sourcecode.swift; path = "Geocoder+Helper.swift"; sourceTree = "<group>"; };
		B77B6775262A7E9A002E2F17 /* RoutedComputed.swift */ = {isa = PBXFileReference; lastKnownFileType = sourcecode.swift; path = RoutedComputed.swift; sourceTree = "<group>"; };
		B7B9E81A26297A2F001757C8 /* transport_reality_app.app */ = {isa = PBXFileReference; explicitFileType = wrapper.application; includeInIndex = 0; path = transport_reality_app.app; sourceTree = BUILT_PRODUCTS_DIR; };
		B7B9E81D26297A2F001757C8 /* AppDelegate.swift */ = {isa = PBXFileReference; lastKnownFileType = sourcecode.swift; path = AppDelegate.swift; sourceTree = "<group>"; };
		B7B9E81F26297A2F001757C8 /* SceneDelegate.swift */ = {isa = PBXFileReference; lastKnownFileType = sourcecode.swift; path = SceneDelegate.swift; sourceTree = "<group>"; };
		B7B9E82626297A31001757C8 /* Assets.xcassets */ = {isa = PBXFileReference; lastKnownFileType = folder.assetcatalog; path = Assets.xcassets; sourceTree = "<group>"; };
		B7B9E82B26297A31001757C8 /* Info.plist */ = {isa = PBXFileReference; lastKnownFileType = text.plist.xml; path = Info.plist; sourceTree = "<group>"; };
		CA347C5B1788DCA3B62317D9 /* Pods-transport_reality_app.release.xcconfig */ = {isa = PBXFileReference; includeInIndex = 1; lastKnownFileType = text.xcconfig; name = "Pods-transport_reality_app.release.xcconfig"; path = "Target Support Files/Pods-transport_reality_app/Pods-transport_reality_app.release.xcconfig"; sourceTree = "<group>"; };
		FFD110E0AEA7E4FDF37FCEEE /* Pods-transport_reality_app.debug.xcconfig */ = {isa = PBXFileReference; includeInIndex = 1; lastKnownFileType = text.xcconfig; name = "Pods-transport_reality_app.debug.xcconfig"; path = "Target Support Files/Pods-transport_reality_app/Pods-transport_reality_app.debug.xcconfig"; sourceTree = "<group>"; };
/* End PBXFileReference section */

/* Begin PBXFrameworksBuildPhase section */
		B7B9E81726297A2F001757C8 /* Frameworks */ = {
			isa = PBXFrameworksBuildPhase;
			buildActionMask = 2147483647;
			files = (
				D4499B9350DDF81516750F82 /* Pods_transport_reality_app.framework in Frameworks */,
			);
			runOnlyForDeploymentPostprocessing = 0;
		};
/* End PBXFrameworksBuildPhase section */

/* Begin PBXGroup section */
		B77B6733262A1355002E2F17 /* SettingAppView */ = {
			isa = PBXGroup;
			children = (
				B77B675A262A23AF002E2F17 /* SettingsController.swift */,
			);
			path = SettingAppView;
			sourceTree = "<group>";
		};
		B77B6734262A1358002E2F17 /* TourMapView */ = {
			isa = PBXGroup;
			children = (
				B77B6756262A239A002E2F17 /* TourViewController.swift */,
			);
			path = TourMapView;
			sourceTree = "<group>";
		};
		B77B6735262A135B002E2F17 /* TransportMapView */ = {
			isa = PBXGroup;
			children = (
				B77B6774262A7E89002E2F17 /* ComputedRoute */,
				B77B6767262A5ADD002E2F17 /* HelperGestureDelegate */,
				B77B6763262A49FF002E2F17 /* LayerViewConfig */,
				B77B6750262A2351002E2F17 /* HelperTabViewController */,
				B77B6751262A2376002E2F17 /* TransportMapView.swift */,
				B77B676B262A63CE002E2F17 /* Helper+DrawRoute.swift */,
				B77B676F262A7215002E2F17 /* Geocoder+Helper.swift */,
			);
			path = TransportMapView;
			sourceTree = "<group>";
		};
		B77B6738262A141E002E2F17 /* WelcomeAppView */ = {
			isa = PBXGroup;
			children = (
				B77B6739262A143C002E2F17 /* WelcomeViewController.swift */,
			);
			path = WelcomeAppView;
			sourceTree = "<group>";
		};
		B77B6750262A2351002E2F17 /* HelperTabViewController */ = {
			isa = PBXGroup;
			children = (
				B77B674D262A22C7002E2F17 /* TabViewController.swift */,
			);
			path = HelperTabViewController;
			sourceTree = "<group>";
		};
		B77B6763262A49FF002E2F17 /* LayerViewConfig */ = {
			isa = PBXGroup;
			children = (
				B77B6764262A4A1F002E2F17 /* LayerViewController.swift */,
			);
			path = LayerViewConfig;
			sourceTree = "<group>";
		};
		B77B6767262A5ADD002E2F17 /* HelperGestureDelegate */ = {
			isa = PBXGroup;
			children = (
				B77B6768262A5AF8002E2F17 /* HeleprTouchGesture.swift */,
			);
			path = HelperGestureDelegate;
			sourceTree = "<group>";
		};
		B77B6774262A7E89002E2F17 /* ComputedRoute */ = {
			isa = PBXGroup;
			children = (
				B77B6775262A7E9A002E2F17 /* RoutedComputed.swift */,
			);
			path = ComputedRoute;
			sourceTree = "<group>";
		};
		B7B9E81126297A2F001757C8 = {
			isa = PBXGroup;
			children = (
				B7B9E81C26297A2F001757C8 /* transport_reality_app */,
				B7B9E81B26297A2F001757C8 /* Products */,
				D05F07706A0FF9E2DF0E43EF /* Pods */,
				DE9B9EFB6159635EF37EF40A /* Frameworks */,
			);
			sourceTree = "<group>";
		};
		B7B9E81B26297A2F001757C8 /* Products */ = {
			isa = PBXGroup;
			children = (
				B7B9E81A26297A2F001757C8 /* transport_reality_app.app */,
			);
			name = Products;
			sourceTree = "<group>";
		};
		B7B9E81C26297A2F001757C8 /* transport_reality_app */ = {
			isa = PBXGroup;
			children = (
				B77B6738262A141E002E2F17 /* WelcomeAppView */,
				B77B6735262A135B002E2F17 /* TransportMapView */,
				B77B6734262A1358002E2F17 /* TourMapView */,
				B77B6733262A1355002E2F17 /* SettingAppView */,
				B7B9E81D26297A2F001757C8 /* AppDelegate.swift */,
				B75D9115262CD71E002E7F8A /* bus.m4a */,
				B7B9E81F26297A2F001757C8 /* SceneDelegate.swift */,
				B7B9E82626297A31001757C8 /* Assets.xcassets */,
				B7B9E82B26297A31001757C8 /* Info.plist */,
				B77B6748262A2065002E2F17 /* Template.storyboard */,
			);
			path = transport_reality_app;
			sourceTree = "<group>";
		};
		D05F07706A0FF9E2DF0E43EF /* Pods */ = {
			isa = PBXGroup;
			children = (
				FFD110E0AEA7E4FDF37FCEEE /* Pods-transport_reality_app.debug.xcconfig */,
				CA347C5B1788DCA3B62317D9 /* Pods-transport_reality_app.release.xcconfig */,
			);
			path = Pods;
			sourceTree = "<group>";
		};
		DE9B9EFB6159635EF37EF40A /* Frameworks */ = {
			isa = PBXGroup;
			children = (
				AEF7077C0393AC01B8E04C2B /* Pods_transport_reality_app.framework */,
			);
			name = Frameworks;
			sourceTree = "<group>";
		};
/* End PBXGroup section */

/* Begin PBXNativeTarget section */
		B7B9E81926297A2F001757C8 /* transport_reality_app */ = {
			isa = PBXNativeTarget;
			buildConfigurationList = B7B9E82E26297A31001757C8 /* Build configuration list for PBXNativeTarget "transport_reality_app" */;
			buildPhases = (
				A459AA47E51A4A005392D594 /* [CP] Check Pods Manifest.lock */,
				B7B9E81626297A2F001757C8 /* Sources */,
				B7B9E81726297A2F001757C8 /* Frameworks */,
				B7B9E81826297A2F001757C8 /* Resources */,
				3D7625482DAA49043A238448 /* [CP] Embed Pods Frameworks */,
			);
			buildRules = (
			);
			dependencies = (
			);
			name = transport_reality_app;
			productName = transport_reality_app;
			productReference = B7B9E81A26297A2F001757C8 /* transport_reality_app.app */;
			productType = "com.apple.product-type.application";
		};
/* End PBXNativeTarget section */

/* Begin PBXProject section */
		B7B9E81226297A2F001757C8 /* Project object */ = {
			isa = PBXProject;
			attributes = {
				LastSwiftUpdateCheck = 1240;
				LastUpgradeCheck = 1240;
				TargetAttributes = {
					B7B9E81926297A2F001757C8 = {
						CreatedOnToolsVersion = 12.4;
					};
				};
			};
			buildConfigurationList = B7B9E81526297A2F001757C8 /* Build configuration list for PBXProject "transport_reality_app" */;
			compatibilityVersion = "Xcode 9.3";
			developmentRegion = en;
			hasScannedForEncodings = 0;
			knownRegions = (
				en,
				Base,
			);
			mainGroup = B7B9E81126297A2F001757C8;
			productRefGroup = B7B9E81B26297A2F001757C8 /* Products */;
			projectDirPath = "";
			projectRoot = "";
			targets = (
				B7B9E81926297A2F001757C8 /* transport_reality_app */,
			);
		};
/* End PBXProject section */

/* Begin PBXResourcesBuildPhase section */
		B7B9E81826297A2F001757C8 /* Resources */ = {
			isa = PBXResourcesBuildPhase;
			buildActionMask = 2147483647;
			files = (
				B77B6749262A2065002E2F17 /* Template.storyboard in Resources */,
				B7B9E82726297A31001757C8 /* Assets.xcassets in Resources */,
			);
			runOnlyForDeploymentPostprocessing = 0;
		};
/* End PBXResourcesBuildPhase section */

/* Begin PBXShellScriptBuildPhase section */
		3D7625482DAA49043A238448 /* [CP] Embed Pods Frameworks */ = {
			isa = PBXShellScriptBuildPhase;
			buildActionMask = 2147483647;
			files = (
			);
			inputFileListPaths = (
				"${PODS_ROOT}/Target Support Files/Pods-transport_reality_app/Pods-transport_reality_app-frameworks-${CONFIGURATION}-input-files.xcfilelist",
			);
			name = "[CP] Embed Pods Frameworks";
			outputFileListPaths = (
				"${PODS_ROOT}/Target Support Files/Pods-transport_reality_app/Pods-transport_reality_app-frameworks-${CONFIGURATION}-output-files.xcfilelist",
			);
			runOnlyForDeploymentPostprocessing = 0;
			shellPath = /bin/sh;
			shellScript = "\"${PODS_ROOT}/Target Support Files/Pods-transport_reality_app/Pods-transport_reality_app-frameworks.sh\"\n";
			showEnvVarsInLog = 0;
		};
		A459AA47E51A4A005392D594 /* [CP] Check Pods Manifest.lock */ = {
			isa = PBXShellScriptBuildPhase;
			buildActionMask = 2147483647;
			files = (
			);
			inputFileListPaths = (
			);
			inputPaths = (
				"${PODS_PODFILE_DIR_PATH}/Podfile.lock",
				"${PODS_ROOT}/Manifest.lock",
			);
			name = "[CP] Check Pods Manifest.lock";
			outputFileListPaths = (
			);
			outputPaths = (
				"$(DERIVED_FILE_DIR)/Pods-transport_reality_app-checkManifestLockResult.txt",
			);
			runOnlyForDeploymentPostprocessing = 0;
			shellPath = /bin/sh;
			shellScript = "diff \"${PODS_PODFILE_DIR_PATH}/Podfile.lock\" \"${PODS_ROOT}/Manifest.lock\" > /dev/null\nif [ $? != 0 ] ; then\n    # print error to STDERR\n    echo \"error: The sandbox is not in sync with the Podfile.lock. Run 'pod install' or update your CocoaPods installation.\" >&2\n    exit 1\nfi\n# This output is used by Xcode 'outputs' to avoid re-running this script phase.\necho \"SUCCESS\" > \"${SCRIPT_OUTPUT_FILE_0}\"\n";
			showEnvVarsInLog = 0;
		};
/* End PBXShellScriptBuildPhase section */

/* Begin PBXSourcesBuildPhase section */
		B7B9E81626297A2F001757C8 /* Sources */ = {
			isa = PBXSourcesBuildPhase;
			buildActionMask = 2147483647;
			files = (
				B77B6765262A4A1F002E2F17 /* LayerViewController.swift in Sources */,
				B77B674E262A22C7002E2F17 /* TabViewController.swift in Sources */,
				B77B6770262A7215002E2F17 /* Geocoder+Helper.swift in Sources */,
				B77B6776262A7E9A002E2F17 /* RoutedComputed.swift in Sources */,
				B77B6769262A5AF8002E2F17 /* HeleprTouchGesture.swift in Sources */,
				B77B676C262A63CE002E2F17 /* Helper+DrawRoute.swift in Sources */,
				B77B6752262A2376002E2F17 /* TransportMapView.swift in Sources */,
				B77B673A262A143C002E2F17 /* WelcomeViewController.swift in Sources */,
				B77B675B262A23AF002E2F17 /* SettingsController.swift in Sources */,
				B7B9E81E26297A2F001757C8 /* AppDelegate.swift in Sources */,
				B77B6757262A239A002E2F17 /* TourViewController.swift in Sources */,
				B7B9E82026297A2F001757C8 /* SceneDelegate.swift in Sources */,
			);
			runOnlyForDeploymentPostprocessing = 0;
		};
/* End PBXSourcesBuildPhase section */

/* Begin XCBuildConfiguration section */
		B7B9E82C26297A31001757C8 /* Debug */ = {
			isa = XCBuildConfiguration;
			buildSettings = {
				ALWAYS_SEARCH_USER_PATHS = NO;
				CLANG_ANALYZER_NONNULL = YES;
				CLANG_ANALYZER_NUMBER_OBJECT_CONVERSION = YES_AGGRESSIVE;
				CLANG_CXX_LANGUAGE_STANDARD = "gnu++14";
				CLANG_CXX_LIBRARY = "libc++";
				CLANG_ENABLE_MODULES = YES;
				CLANG_ENABLE_OBJC_ARC = YES;
				CLANG_ENABLE_OBJC_WEAK = YES;
				CLANG_WARN_BLOCK_CAPTURE_AUTORELEASING = YES;
				CLANG_WARN_BOOL_CONVERSION = YES;
				CLANG_WARN_COMMA = YES;
				CLANG_WARN_CONSTANT_CONVERSION = YES;
				CLANG_WARN_DEPRECATED_OBJC_IMPLEMENTATIONS = YES;
				CLANG_WARN_DIRECT_OBJC_ISA_USAGE = YES_ERROR;
				CLANG_WARN_DOCUMENTATION_COMMENTS = YES;
				CLANG_WARN_EMPTY_BODY = YES;
				CLANG_WARN_ENUM_CONVERSION = YES;
				CLANG_WARN_INFINITE_RECURSION = YES;
				CLANG_WARN_INT_CONVERSION = YES;
				CLANG_WARN_NON_LITERAL_NULL_CONVERSION = YES;
				CLANG_WARN_OBJC_IMPLICIT_RETAIN_SELF = YES;
				CLANG_WARN_OBJC_LITERAL_CONVERSION = YES;
				CLANG_WARN_OBJC_ROOT_CLASS = YES_ERROR;
				CLANG_WARN_QUOTED_INCLUDE_IN_FRAMEWORK_HEADER = YES;
				CLANG_WARN_RANGE_LOOP_ANALYSIS = YES;
				CLANG_WARN_STRICT_PROTOTYPES = YES;
				CLANG_WARN_SUSPICIOUS_MOVE = YES;
				CLANG_WARN_UNGUARDED_AVAILABILITY = YES_AGGRESSIVE;
				CLANG_WARN_UNREACHABLE_CODE = YES;
				CLANG_WARN__DUPLICATE_METHOD_MATCH = YES;
				COPY_PHASE_STRIP = NO;
				DEBUG_INFORMATION_FORMAT = dwarf;
				ENABLE_STRICT_OBJC_MSGSEND = YES;
				ENABLE_TESTABILITY = YES;
				GCC_C_LANGUAGE_STANDARD = gnu11;
				GCC_DYNAMIC_NO_PIC = NO;
				GCC_NO_COMMON_BLOCKS = YES;
				GCC_OPTIMIZATION_LEVEL = 0;
				GCC_PREPROCESSOR_DEFINITIONS = (
					"DEBUG=1",
					"$(inherited)",
				);
				GCC_WARN_64_TO_32_BIT_CONVERSION = YES;
				GCC_WARN_ABOUT_RETURN_TYPE = YES_ERROR;
				GCC_WARN_UNDECLARED_SELECTOR = YES;
				GCC_WARN_UNINITIALIZED_AUTOS = YES_AGGRESSIVE;
				GCC_WARN_UNUSED_FUNCTION = YES;
				GCC_WARN_UNUSED_VARIABLE = YES;
				IPHONEOS_DEPLOYMENT_TARGET = 14.4;
				MTL_ENABLE_DEBUG_INFO = INCLUDE_SOURCE;
				MTL_FAST_MATH = YES;
				ONLY_ACTIVE_ARCH = YES;
				SDKROOT = iphoneos;
				SWIFT_ACTIVE_COMPILATION_CONDITIONS = DEBUG;
				SWIFT_OPTIMIZATION_LEVEL = "-Onone";
			};
			name = Debug;
		};
		B7B9E82D26297A31001757C8 /* Release */ = {
			isa = XCBuildConfiguration;
			buildSettings = {
				ALWAYS_SEARCH_USER_PATHS = NO;
				CLANG_ANALYZER_NONNULL = YES;
				CLANG_ANALYZER_NUMBER_OBJECT_CONVERSION = YES_AGGRESSIVE;
				CLANG_CXX_LANGUAGE_STANDARD = "gnu++14";
				CLANG_CXX_LIBRARY = "libc++";
				CLANG_ENABLE_MODULES = YES;
				CLANG_ENABLE_OBJC_ARC = YES;
				CLANG_ENABLE_OBJC_WEAK = YES;
				CLANG_WARN_BLOCK_CAPTURE_AUTORELEASING = YES;
				CLANG_WARN_BOOL_CONVERSION = YES;
				CLANG_WARN_COMMA = YES;
				CLANG_WARN_CONSTANT_CONVERSION = YES;
				CLANG_WARN_DEPRECATED_OBJC_IMPLEMENTATIONS = YES;
				CLANG_WARN_DIRECT_OBJC_ISA_USAGE = YES_ERROR;
				CLANG_WARN_DOCUMENTATION_COMMENTS = YES;
				CLANG_WARN_EMPTY_BODY = YES;
				CLANG_WARN_ENUM_CONVERSION = YES;
				CLANG_WARN_INFINITE_RECURSION = YES;
				CLANG_WARN_INT_CONVERSION = YES;
				CLANG_WARN_NON_LITERAL_NULL_CONVERSION = YES;
				CLANG_WARN_OBJC_IMPLICIT_RETAIN_SELF = YES;
				CLANG_WARN_OBJC_LITERAL_CONVERSION = YES;
				CLANG_WARN_OBJC_ROOT_CLASS = YES_ERROR;
				CLANG_WARN_QUOTED_INCLUDE_IN_FRAMEWORK_HEADER = YES;
				CLANG_WARN_RANGE_LOOP_ANALYSIS = YES;
				CLANG_WARN_STRICT_PROTOTYPES = YES;
				CLANG_WARN_SUSPICIOUS_MOVE = YES;
				CLANG_WARN_UNGUARDED_AVAILABILITY = YES_AGGRESSIVE;
				CLANG_WARN_UNREACHABLE_CODE = YES;
				CLANG_WARN__DUPLICATE_METHOD_MATCH = YES;
				COPY_PHASE_STRIP = NO;
				DEBUG_INFORMATION_FORMAT = "dwarf-with-dsym";
				ENABLE_NS_ASSERTIONS = NO;
				ENABLE_STRICT_OBJC_MSGSEND = YES;
				GCC_C_LANGUAGE_STANDARD = gnu11;
				GCC_NO_COMMON_BLOCKS = YES;
				GCC_WARN_64_TO_32_BIT_CONVERSION = YES;
				GCC_WARN_ABOUT_RETURN_TYPE = YES_ERROR;
				GCC_WARN_UNDECLARED_SELECTOR = YES;
				GCC_WARN_UNINITIALIZED_AUTOS = YES_AGGRESSIVE;
				GCC_WARN_UNUSED_FUNCTION = YES;
				GCC_WARN_UNUSED_VARIABLE = YES;
				IPHONEOS_DEPLOYMENT_TARGET = 14.4;
				MTL_ENABLE_DEBUG_INFO = NO;
				MTL_FAST_MATH = YES;
				SDKROOT = iphoneos;
				SWIFT_COMPILATION_MODE = wholemodule;
				SWIFT_OPTIMIZATION_LEVEL = "-O";
				VALIDATE_PRODUCT = YES;
			};
			name = Release;
		};
		B7B9E82F26297A31001757C8 /* Debug */ = {
			isa = XCBuildConfiguration;
			baseConfigurationReference = FFD110E0AEA7E4FDF37FCEEE /* Pods-transport_reality_app.debug.xcconfig */;
			buildSettings = {
				ASSETCATALOG_COMPILER_APPICON_NAME = AppIcon;
				ASSETCATALOG_COMPILER_GLOBAL_ACCENT_COLOR_NAME = AccentColor;
				CODE_SIGN_STYLE = Automatic;
				DEVELOPMENT_TEAM = 9RCKEM6H93;
				INFOPLIST_FILE = transport_reality_app/Info.plist;
				IPHONEOS_DEPLOYMENT_TARGET = 13.0;
				LD_RUNPATH_SEARCH_PATHS = (
					"$(inherited)",
					"@executable_path/Frameworks",
				);
				PRODUCT_BUNDLE_IDENTIFIER = "brazil-hack.transport-reality-app";
				PRODUCT_NAME = "$(TARGET_NAME)";
				SWIFT_VERSION = 5.0;
				TARGETED_DEVICE_FAMILY = "1,2";
			};
			name = Debug;
		};
		B7B9E83026297A31001757C8 /* Release */ = {
			isa = XCBuildConfiguration;
			baseConfigurationReference = CA347C5B1788DCA3B62317D9 /* Pods-transport_reality_app.release.xcconfig */;
			buildSettings = {
				ASSETCATALOG_COMPILER_APPICON_NAME = AppIcon;
				ASSETCATALOG_COMPILER_GLOBAL_ACCENT_COLOR_NAME = AccentColor;
				CODE_SIGN_STYLE = Automatic;
				DEVELOPMENT_TEAM = 9RCKEM6H93;
				INFOPLIST_FILE = transport_reality_app/Info.plist;
				IPHONEOS_DEPLOYMENT_TARGET = 13.0;
				LD_RUNPATH_SEARCH_PATHS = (
					"$(inherited)",
					"@executable_path/Frameworks",
				);
				PRODUCT_BUNDLE_IDENTIFIER = "brazil-hack.transport-reality-app";
				PRODUCT_NAME = "$(TARGET_NAME)";
				SWIFT_VERSION = 5.0;
				TARGETED_DEVICE_FAMILY = "1,2";
			};
			name = Release;
		};
/* End XCBuildConfiguration section */

/* Begin XCConfigurationList section */
		B7B9E81526297A2F001757C8 /* Build configuration list for PBXProject "transport_reality_app" */ = {
			isa = XCConfigurationList;
			buildConfigurations = (
				B7B9E82C26297A31001757C8 /* Debug */,
				B7B9E82D26297A31001757C8 /* Release */,
			);
			defaultConfigurationIsVisible = 0;
			defaultConfigurationName = Release;
		};
		B7B9E82E26297A31001757C8 /* Build configuration list for PBXNativeTarget "transport_reality_app" */ = {
			isa = XCConfigurationList;
			buildConfigurations = (
				B7B9E82F26297A31001757C8 /* Debug */,
				B7B9E83026297A31001757C8 /* Release */,
			);
			defaultConfigurationIsVisible = 0;
			defaultConfigurationName = Release;
		};
/* End XCConfigurationList section */
	};
	rootObject = B7B9E81226297A2F001757C8 /* Project object */;
}
